
Microsoft Visual Studio Solution File, Format Version 12.00
# Visual Studio 15
VisualStudioVersion = 15.0.28010.2019
MinimumVisualStudioVersion = 10.0.40219.1
Project("{FAE04EC0-301F-11D3-BF4B-00C04F79EFBC}") = "SCS-LogBook", "SCS-LogBook\SCS-LogBook.csproj", "{068B41A3-3A3C-4FFF-9113-FF6C3F8E2C99}"
EndProject
Global
	GlobalSection(SolutionConfigurationPlatforms) = preSolution
		Debug|Any CPU = Debug|Any CPU
		Release|Any CPU = Release|Any CPU
	EndGlobalSection
	GlobalSection(ProjectConfigurationPlatforms) = postSolution
		{068B41A3-3A3C-4FFF-9113-FF6C3F8E2C99}.Debug|Any CPU.ActiveCfg = Debug|Any CPU
		{068B41A3-3A3C-4FFF-9113-FF6C3F8E2C99}.Debug|Any CPU.Build.0 = Debug|Any CPU
		{068B41A3-3A3C-4FFF-9113-FF6C3F8E2C99}.Release|Any CPU.ActiveCfg = Release|Any CPU
		{068B41A3-3A3C-4FFF-9113-FF6C3F8E2C99}.Release|Any CPU.Build.0 = Release|Any CPU
	EndGlobalSection
	GlobalSection(SolutionProperties) = preSolution
		HideSolutionNode = FALSE
	EndGlobalSection
	GlobalSection(ExtensibilityGlobals) = postSolution
		SolutionGuid = {7EED37DC-19DA-4227-820F-F2DB22FC3034}
	EndGlobalSection
EndGlobal
